
Microsoft Visual Studio Solution File, Format Version 12.00
# Visual Studio Version 17
VisualStudioVersion = 17.2.32616.157
MinimumVisualStudioVersion = 10.0.40219.1
Project("{FAE04EC0-301F-11D3-BF4B-00C04F79EFBC}") = "System Zarządzania Magazynem", "System Zarządzania Magazynem\System Zarządzania Magazynem.csproj", "{19957B93-7A49-4ABE-BF4E-6B5116F472C3}"
EndProject
Global
	GlobalSection(SolutionConfigurationPlatforms) = preSolution
		Debug|Any CPU = Debug|Any CPU
		Release|Any CPU = Release|Any CPU
	EndGlobalSection
	GlobalSection(ProjectConfigurationPlatforms) = postSolution
		{19957B93-7A49-4ABE-BF4E-6B5116F472C3}.Debug|Any CPU.ActiveCfg = Debug|Any CPU
		{19957B93-7A49-4ABE-BF4E-6B5116F472C3}.Debug|Any CPU.Build.0 = Debug|Any CPU
		{19957B93-7A49-4ABE-BF4E-6B5116F472C3}.Release|Any CPU.ActiveCfg = Release|Any CPU
		{19957B93-7A49-4ABE-BF4E-6B5116F472C3}.Release|Any CPU.Build.0 = Release|Any CPU
	EndGlobalSection
	GlobalSection(SolutionProperties) = preSolution
		HideSolutionNode = FALSE
	EndGlobalSection
	GlobalSection(ExtensibilityGlobals) = postSolution
		SolutionGuid = {BC2B18F7-15AE-4C90-B1AD-7B3C82289248}
	EndGlobalSection
EndGlobal
